// !$*UTF8*$!
{
	archiveVersion = 1;
	classes = {
	};
	objectVersion = 48;
	objects = {

/* Begin PBXBuildFile section */
		0F1EE391F0A90F0F7AAC5621 /* Pods_ReSto.framework in Frameworks */ = {isa = PBXBuildFile; fileRef = 2EEC0EAF6F063F75F1B2EB9E /* Pods_ReSto.framework */; };
		59A82A0423A5AE81001312C0 /* TransactionsTableViewController.swift in Sources */ = {isa = PBXBuildFile; fileRef = 59A82A0323A5AE81001312C0 /* TransactionsTableViewController.swift */; };
		59A82A0623A5AEAE001312C0 /* TransactionCell.swift in Sources */ = {isa = PBXBuildFile; fileRef = 59A82A0523A5AEAE001312C0 /* TransactionCell.swift */; };
		59A82A0823A5B285001312C0 /* Transaction.swift in Sources */ = {isa = PBXBuildFile; fileRef = 59A82A0723A5B285001312C0 /* Transaction.swift */; };
		59A82A0A23A5B341001312C0 /* TransactionList.swift in Sources */ = {isa = PBXBuildFile; fileRef = 59A82A0923A5B341001312C0 /* TransactionList.swift */; };
		59A82A0C23A5B69F001312C0 /* AddGoalViewController.swift in Sources */ = {isa = PBXBuildFile; fileRef = 59A82A0B23A5B69F001312C0 /* AddGoalViewController.swift */; };
		A7433EF920376BB800CAC15B /* Token.swift in Sources */ = {isa = PBXBuildFile; fileRef = A7433EF820376BB800CAC15B /* Token.swift */; };
		A7433EFC203840E800CAC15B /* ProfileViewController.swift in Sources */ = {isa = PBXBuildFile; fileRef = A7433EFB203840E800CAC15B /* ProfileViewController.swift */; };
		A7433F022038500100CAC15B /* GoalsTableViewController.swift in Sources */ = {isa = PBXBuildFile; fileRef = A7433F012038500100CAC15B /* GoalsTableViewController.swift */; };
		A7433F04203850A100CAC15B /* GoalsList.swift in Sources */ = {isa = PBXBuildFile; fileRef = A7433F03203850A100CAC15B /* GoalsList.swift */; };
		A7433F06203862FF00CAC15B /* GoalViewController.swift in Sources */ = {isa = PBXBuildFile; fileRef = A7433F05203862FF00CAC15B /* GoalViewController.swift */; };
		A7433F0D2038B57600CAC15B /* UsersTableViewController.swift in Sources */ = {isa = PBXBuildFile; fileRef = A7433F0C2038B57600CAC15B /* UsersTableViewController.swift */; };
		A7DAF8B4200D3EF200801734 /* AppDelegate.swift in Sources */ = {isa = PBXBuildFile; fileRef = A7DAF8B3200D3EF200801734 /* AppDelegate.swift */; };
		A7DAF8B6200D3EF200801734 /* LoginController.swift in Sources */ = {isa = PBXBuildFile; fileRef = A7DAF8B5200D3EF200801734 /* LoginController.swift */; };
		A7DAF8B9200D3EF200801734 /* Main.storyboard in Resources */ = {isa = PBXBuildFile; fileRef = A7DAF8B7200D3EF200801734 /* Main.storyboard */; };
		A7DAF8BB200D3EF200801734 /* Assets.xcassets in Resources */ = {isa = PBXBuildFile; fileRef = A7DAF8BA200D3EF200801734 /* Assets.xcassets */; };
		A7DAF8BE200D3EF200801734 /* LaunchScreen.storyboard in Resources */ = {isa = PBXBuildFile; fileRef = A7DAF8BC200D3EF200801734 /* LaunchScreen.storyboard */; };
		CC29B36D23A59BAB00245044 /* Goal.swift in Sources */ = {isa = PBXBuildFile; fileRef = CC29B36B23A59BAB00245044 /* Goal.swift */; };
		CC29B36E23A59BAB00245044 /* User.swift in Sources */ = {isa = PBXBuildFile; fileRef = CC29B36C23A59BAB00245044 /* User.swift */; };
		CC3E900123A58B4100D6A31D /* UIImageView+Extension.swift in Sources */ = {isa = PBXBuildFile; fileRef = CC3E900023A58B4100D6A31D /* UIImageView+Extension.swift */; };
		CCE4EF1C23A625900078045C /* MyUIProgressView.swift in Sources */ = {isa = PBXBuildFile; fileRef = CCE4EF1B23A625900078045C /* MyUIProgressView.swift */; };
		CCE4EF1F23A62D960078045C /* NetworkManager.swift in Sources */ = {isa = PBXBuildFile; fileRef = CCE4EF1E23A62D960078045C /* NetworkManager.swift */; };
		CCE4EF2123A63A010078045C /* JSONGeneratable.swift in Sources */ = {isa = PBXBuildFile; fileRef = CCE4EF2023A63A010078045C /* JSONGeneratable.swift */; };
		F62A90CB203F74FE00A7AAEA /* GoalCell.swift in Sources */ = {isa = PBXBuildFile; fileRef = F62A90CA203F74FE00A7AAEA /* GoalCell.swift */; };
/* End PBXBuildFile section */

/* Begin PBXFileReference section */
		2EEC0EAF6F063F75F1B2EB9E /* Pods_ReSto.framework */ = {isa = PBXFileReference; explicitFileType = wrapper.framework; includeInIndex = 0; path = Pods_ReSto.framework; sourceTree = BUILT_PRODUCTS_DIR; };
		2FE79CB0BE3DD67F711B6135 /* Pods-ReSto.release.xcconfig */ = {isa = PBXFileReference; includeInIndex = 1; lastKnownFileType = text.xcconfig; name = "Pods-ReSto.release.xcconfig"; path = "Target Support Files/Pods-ReSto/Pods-ReSto.release.xcconfig"; sourceTree = "<group>"; };
		59A82A0323A5AE81001312C0 /* TransactionsTableViewController.swift */ = {isa = PBXFileReference; lastKnownFileType = sourcecode.swift; path = TransactionsTableViewController.swift; sourceTree = "<group>"; };
		59A82A0523A5AEAE001312C0 /* TransactionCell.swift */ = {isa = PBXFileReference; lastKnownFileType = sourcecode.swift; path = TransactionCell.swift; sourceTree = "<group>"; };
		59A82A0723A5B285001312C0 /* Transaction.swift */ = {isa = PBXFileReference; lastKnownFileType = sourcecode.swift; path = Transaction.swift; sourceTree = "<group>"; };
		59A82A0923A5B341001312C0 /* TransactionList.swift */ = {isa = PBXFileReference; lastKnownFileType = sourcecode.swift; path = TransactionList.swift; sourceTree = "<group>"; };
		59A82A0B23A5B69F001312C0 /* AddGoalViewController.swift */ = {isa = PBXFileReference; lastKnownFileType = sourcecode.swift; path = AddGoalViewController.swift; sourceTree = "<group>"; };
		80C02EE3AC49AA4572C12C8C /* Pods-ReSto.debug.xcconfig */ = {isa = PBXFileReference; includeInIndex = 1; lastKnownFileType = text.xcconfig; name = "Pods-ReSto.debug.xcconfig"; path = "Target Support Files/Pods-ReSto/Pods-ReSto.debug.xcconfig"; sourceTree = "<group>"; };
		A7433EF820376BB800CAC15B /* Token.swift */ = {isa = PBXFileReference; lastKnownFileType = sourcecode.swift; path = Token.swift; sourceTree = "<group>"; };
		A7433EFB203840E800CAC15B /* ProfileViewController.swift */ = {isa = PBXFileReference; lastKnownFileType = sourcecode.swift; path = ProfileViewController.swift; sourceTree = "<group>"; };
		A7433F012038500100CAC15B /* GoalsTableViewController.swift */ = {isa = PBXFileReference; lastKnownFileType = sourcecode.swift; path = GoalsTableViewController.swift; sourceTree = "<group>"; };
		A7433F03203850A100CAC15B /* GoalsList.swift */ = {isa = PBXFileReference; lastKnownFileType = sourcecode.swift; path = GoalsList.swift; sourceTree = "<group>"; };
		A7433F05203862FF00CAC15B /* GoalViewController.swift */ = {isa = PBXFileReference; lastKnownFileType = sourcecode.swift; path = GoalViewController.swift; sourceTree = "<group>"; };
		A7433F0C2038B57600CAC15B /* UsersTableViewController.swift */ = {isa = PBXFileReference; lastKnownFileType = sourcecode.swift; path = UsersTableViewController.swift; sourceTree = "<group>"; };
		A7DAF8B0200D3EF200801734 /* ReSto.app */ = {isa = PBXFileReference; explicitFileType = wrapper.application; includeInIndex = 0; path = ReSto.app; sourceTree = BUILT_PRODUCTS_DIR; };
		A7DAF8B3200D3EF200801734 /* AppDelegate.swift */ = {isa = PBXFileReference; lastKnownFileType = sourcecode.swift; path = AppDelegate.swift; sourceTree = "<group>"; };
		A7DAF8B5200D3EF200801734 /* LoginController.swift */ = {isa = PBXFileReference; lastKnownFileType = sourcecode.swift; path = LoginController.swift; sourceTree = "<group>"; };
		A7DAF8B8200D3EF200801734 /* Base */ = {isa = PBXFileReference; lastKnownFileType = file.storyboard; name = Base; path = Base.lproj/Main.storyboard; sourceTree = "<group>"; };
		A7DAF8BA200D3EF200801734 /* Assets.xcassets */ = {isa = PBXFileReference; lastKnownFileType = folder.assetcatalog; path = Assets.xcassets; sourceTree = "<group>"; };
		A7DAF8BD200D3EF200801734 /* Base */ = {isa = PBXFileReference; lastKnownFileType = file.storyboard; name = Base; path = Base.lproj/LaunchScreen.storyboard; sourceTree = "<group>"; };
		A7DAF8BF200D3EF200801734 /* Info.plist */ = {isa = PBXFileReference; lastKnownFileType = text.plist.xml; path = Info.plist; sourceTree = "<group>"; };
		CC29B36B23A59BAB00245044 /* Goal.swift */ = {isa = PBXFileReference; fileEncoding = 4; lastKnownFileType = sourcecode.swift; name = Goal.swift; path = ReSto/Models/Goal.swift; sourceTree = SOURCE_ROOT; };
		CC29B36C23A59BAB00245044 /* User.swift */ = {isa = PBXFileReference; fileEncoding = 4; lastKnownFileType = sourcecode.swift; name = User.swift; path = ReSto/Models/User.swift; sourceTree = SOURCE_ROOT; };
		CC3E900023A58B4100D6A31D /* UIImageView+Extension.swift */ = {isa = PBXFileReference; lastKnownFileType = sourcecode.swift; path = "UIImageView+Extension.swift"; sourceTree = "<group>"; };
		CCE4EF1B23A625900078045C /* MyUIProgressView.swift */ = {isa = PBXFileReference; lastKnownFileType = sourcecode.swift; path = MyUIProgressView.swift; sourceTree = "<group>"; };
		CCE4EF1E23A62D960078045C /* NetworkManager.swift */ = {isa = PBXFileReference; lastKnownFileType = sourcecode.swift; path = NetworkManager.swift; sourceTree = "<group>"; };
		CCE4EF2023A63A010078045C /* JSONGeneratable.swift */ = {isa = PBXFileReference; lastKnownFileType = sourcecode.swift; path = JSONGeneratable.swift; sourceTree = "<group>"; };
		F62A90CA203F74FE00A7AAEA /* GoalCell.swift */ = {isa = PBXFileReference; lastKnownFileType = sourcecode.swift; path = GoalCell.swift; sourceTree = "<group>"; };
/* End PBXFileReference section */

/* Begin PBXFrameworksBuildPhase section */
		A7DAF8AD200D3EF200801734 /* Frameworks */ = {
			isa = PBXFrameworksBuildPhase;
			buildActionMask = 2147483647;
			files = (
				0F1EE391F0A90F0F7AAC5621 /* Pods_ReSto.framework in Frameworks */,
			);
			runOnlyForDeploymentPostprocessing = 0;
		};
/* End PBXFrameworksBuildPhase section */

/* Begin PBXGroup section */
		20AF6F5513ADBA9725034F06 /* Frameworks */ = {
			isa = PBXGroup;
			children = (
				2EEC0EAF6F063F75F1B2EB9E /* Pods_ReSto.framework */,
			);
			name = Frameworks;
			sourceTree = "<group>";
		};
		5B2E781495F19D68CA04F0A7 /* Pods */ = {
			isa = PBXGroup;
			children = (
				80C02EE3AC49AA4572C12C8C /* Pods-ReSto.debug.xcconfig */,
				2FE79CB0BE3DD67F711B6135 /* Pods-ReSto.release.xcconfig */,
			);
			path = Pods;
			sourceTree = "<group>";
		};
		A7433F0720389CAC00CAC15B /* Controllers */ = {
			isa = PBXGroup;
			children = (
				A7433F0C2038B57600CAC15B /* UsersTableViewController.swift */,
				A7433F05203862FF00CAC15B /* GoalViewController.swift */,
				A7DAF8B5200D3EF200801734 /* LoginController.swift */,
				A7433EFB203840E800CAC15B /* ProfileViewController.swift */,
				A7433F012038500100CAC15B /* GoalsTableViewController.swift */,
				59A82A0323A5AE81001312C0 /* TransactionsTableViewController.swift */,
				59A82A0B23A5B69F001312C0 /* AddGoalViewController.swift */,
			);
			path = Controllers;
			sourceTree = "<group>";
		};
		A7433F0B2038B33100CAC15B /* Views */ = {
			isa = PBXGroup;
			children = (
				F62A90CA203F74FE00A7AAEA /* GoalCell.swift */,
				59A82A0523A5AEAE001312C0 /* TransactionCell.swift */,
			);
			path = Views;
			sourceTree = "<group>";
		};
		A7DAF8A7200D3EF200801734 = {
			isa = PBXGroup;
			children = (
				A7DAF8B2200D3EF200801734 /* ReSto */,
				A7DAF8B1200D3EF200801734 /* Products */,
				5B2E781495F19D68CA04F0A7 /* Pods */,
				20AF6F5513ADBA9725034F06 /* Frameworks */,
			);
			sourceTree = "<group>";
		};
		A7DAF8B1200D3EF200801734 /* Products */ = {
			isa = PBXGroup;
			children = (
				A7DAF8B0200D3EF200801734 /* ReSto.app */,
			);
			name = Products;
			sourceTree = "<group>";
		};
		A7DAF8B2200D3EF200801734 /* ReSto */ = {
			isa = PBXGroup;
			children = (
				A7DAF8BF200D3EF200801734 /* Info.plist */,
				A7DAF8B3200D3EF200801734 /* AppDelegate.swift */,
				A7DAF8BA200D3EF200801734 /* Assets.xcassets */,
				A7DAF8BC200D3EF200801734 /* LaunchScreen.storyboard */,
				A7DAF8B7200D3EF200801734 /* Main.storyboard */,
				CCE4EF1D23A62D7F0078045C /* Managers */,
				CC29B36A23A59B8000245044 /* Models */,
				CC3E8FFF23A58B1200D6A31D /* Extensions */,
				A7433F0720389CAC00CAC15B /* Controllers */,
				A7433F0B2038B33100CAC15B /* Views */,
			);
			path = ReSto;
			sourceTree = "<group>";
		};
		CC29B36A23A59B8000245044 /* Models */ = {
			isa = PBXGroup;
			children = (
				CC29B36B23A59BAB00245044 /* Goal.swift */,
				CC29B36C23A59BAB00245044 /* User.swift */,
				A7433EF820376BB800CAC15B /* Token.swift */,
				A7433F03203850A100CAC15B /* GoalsList.swift */,
				59A82A0723A5B285001312C0 /* Transaction.swift */,
				59A82A0923A5B341001312C0 /* TransactionList.swift */,
				CCE4EF2023A63A010078045C /* JSONGeneratable.swift */,
			);
			path = Models;
			sourceTree = "<group>";
		};
		CC3E8FFF23A58B1200D6A31D /* Extensions */ = {
			isa = PBXGroup;
			children = (
				CC3E900023A58B4100D6A31D /* UIImageView+Extension.swift */,
				CCE4EF1B23A625900078045C /* MyUIProgressView.swift */,
			);
			path = Extensions;
			sourceTree = "<group>";
		};
		CCE4EF1D23A62D7F0078045C /* Managers */ = {
			isa = PBXGroup;
			children = (
				CCE4EF1E23A62D960078045C /* NetworkManager.swift */,
			);
			path = Managers;
			sourceTree = "<group>";
		};
/* End PBXGroup section */

/* Begin PBXNativeTarget section */
		A7DAF8AF200D3EF200801734 /* ReSto */ = {
			isa = PBXNativeTarget;
			buildConfigurationList = A7DAF8D8200D3EF200801734 /* Build configuration list for PBXNativeTarget "ReSto" */;
			buildPhases = (
				FD4A20CFADED00AB58923E19 /* [CP] Check Pods Manifest.lock */,
				A7DAF8AC200D3EF200801734 /* Sources */,
				A7DAF8AD200D3EF200801734 /* Frameworks */,
				A7DAF8AE200D3EF200801734 /* Resources */,
				812ABE432F163FD9582A4289 /* [CP] Embed Pods Frameworks */,
			);
			buildRules = (
			);
			dependencies = (
			);
			name = ReSto;
			productName = Eventy;
			productReference = A7DAF8B0200D3EF200801734 /* ReSto.app */;
			productType = "com.apple.product-type.application";
		};
/* End PBXNativeTarget section */

/* Begin PBXProject section */
		A7DAF8A8200D3EF200801734 /* Project object */ = {
			isa = PBXProject;
			attributes = {
				LastSwiftUpdateCheck = 0920;
				LastUpgradeCheck = 1130;
				TargetAttributes = {
					A7DAF8AF200D3EF200801734 = {
						CreatedOnToolsVersion = 9.2;
						LastSwiftMigration = 1130;
						ProvisioningStyle = Automatic;
					};
				};
			};
			buildConfigurationList = A7DAF8AB200D3EF200801734 /* Build configuration list for PBXProject "ReSto" */;
			compatibilityVersion = "Xcode 8.0";
			developmentRegion = en;
			hasScannedForEncodings = 0;
			knownRegions = (
				en,
				Base,
			);
			mainGroup = A7DAF8A7200D3EF200801734;
			productRefGroup = A7DAF8B1200D3EF200801734 /* Products */;
			projectDirPath = "";
			projectRoot = "";
			targets = (
				A7DAF8AF200D3EF200801734 /* ReSto */,
			);
		};
/* End PBXProject section */

/* Begin PBXResourcesBuildPhase section */
		A7DAF8AE200D3EF200801734 /* Resources */ = {
			isa = PBXResourcesBuildPhase;
			buildActionMask = 2147483647;
			files = (
				A7DAF8BE200D3EF200801734 /* LaunchScreen.storyboard in Resources */,
				A7DAF8BB200D3EF200801734 /* Assets.xcassets in Resources */,
				A7DAF8B9200D3EF200801734 /* Main.storyboard in Resources */,
			);
			runOnlyForDeploymentPostprocessing = 0;
		};
/* End PBXResourcesBuildPhase section */

/* Begin PBXShellScriptBuildPhase section */
		812ABE432F163FD9582A4289 /* [CP] Embed Pods Frameworks */ = {
			isa = PBXShellScriptBuildPhase;
			buildActionMask = 2147483647;
			files = (
			);
			inputPaths = (
				"${PODS_ROOT}/Target Support Files/Pods-ReSto/Pods-ReSto-frameworks.sh",
				"${BUILT_PRODUCTS_DIR}/Alamofire/Alamofire.framework",
			);
			name = "[CP] Embed Pods Frameworks";
			outputPaths = (
				"${TARGET_BUILD_DIR}/${FRAMEWORKS_FOLDER_PATH}/Alamofire.framework",
			);
			runOnlyForDeploymentPostprocessing = 0;
			shellPath = /bin/sh;
			shellScript = "\"${PODS_ROOT}/Target Support Files/Pods-ReSto/Pods-ReSto-frameworks.sh\"\n";
			showEnvVarsInLog = 0;
		};
		FD4A20CFADED00AB58923E19 /* [CP] Check Pods Manifest.lock */ = {
			isa = PBXShellScriptBuildPhase;
			buildActionMask = 2147483647;
			files = (
			);
			inputFileListPaths = (
			);
			inputPaths = (
				"${PODS_PODFILE_DIR_PATH}/Podfile.lock",
				"${PODS_ROOT}/Manifest.lock",
			);
			name = "[CP] Check Pods Manifest.lock";
			outputFileListPaths = (
			);
			outputPaths = (
				"$(DERIVED_FILE_DIR)/Pods-ReSto-checkManifestLockResult.txt",
			);
			runOnlyForDeploymentPostprocessing = 0;
			shellPath = /bin/sh;
			shellScript = "diff \"${PODS_PODFILE_DIR_PATH}/Podfile.lock\" \"${PODS_ROOT}/Manifest.lock\" > /dev/null\nif [ $? != 0 ] ; then\n    # print error to STDERR\n    echo \"error: The sandbox is not in sync with the Podfile.lock. Run 'pod install' or update your CocoaPods installation.\" >&2\n    exit 1\nfi\n# This output is used by Xcode 'outputs' to avoid re-running this script phase.\necho \"SUCCESS\" > \"${SCRIPT_OUTPUT_FILE_0}\"\n";
			showEnvVarsInLog = 0;
		};
/* End PBXShellScriptBuildPhase section */

/* Begin PBXSourcesBuildPhase section */
		A7DAF8AC200D3EF200801734 /* Sources */ = {
			isa = PBXSourcesBuildPhase;
			buildActionMask = 2147483647;
			files = (
				CCE4EF2123A63A010078045C /* JSONGeneratable.swift in Sources */,
				CC29B36E23A59BAB00245044 /* User.swift in Sources */,
				A7433EF920376BB800CAC15B /* Token.swift in Sources */,
				59A82A0823A5B285001312C0 /* Transaction.swift in Sources */,
				A7433F04203850A100CAC15B /* GoalsList.swift in Sources */,
				CC3E900123A58B4100D6A31D /* UIImageView+Extension.swift in Sources */,
				A7DAF8B6200D3EF200801734 /* LoginController.swift in Sources */,
				CCE4EF1C23A625900078045C /* MyUIProgressView.swift in Sources */,
				CC29B36D23A59BAB00245044 /* Goal.swift in Sources */,
				A7433EFC203840E800CAC15B /* ProfileViewController.swift in Sources */,
				A7433F0D2038B57600CAC15B /* UsersTableViewController.swift in Sources */,
				59A82A0C23A5B69F001312C0 /* AddGoalViewController.swift in Sources */,
				59A82A0A23A5B341001312C0 /* TransactionList.swift in Sources */,
				CCE4EF1F23A62D960078045C /* NetworkManager.swift in Sources */,
				59A82A0623A5AEAE001312C0 /* TransactionCell.swift in Sources */,
				A7433F06203862FF00CAC15B /* GoalViewController.swift in Sources */,
				A7433F022038500100CAC15B /* GoalsTableViewController.swift in Sources */,
				A7DAF8B4200D3EF200801734 /* AppDelegate.swift in Sources */,
				59A82A0423A5AE81001312C0 /* TransactionsTableViewController.swift in Sources */,
				F62A90CB203F74FE00A7AAEA /* GoalCell.swift in Sources */,
			);
			runOnlyForDeploymentPostprocessing = 0;
		};
/* End PBXSourcesBuildPhase section */

/* Begin PBXVariantGroup section */
		A7DAF8B7200D3EF200801734 /* Main.storyboard */ = {
			isa = PBXVariantGroup;
			children = (
				A7DAF8B8200D3EF200801734 /* Base */,
			);
			name = Main.storyboard;
			sourceTree = "<group>";
		};
		A7DAF8BC200D3EF200801734 /* LaunchScreen.storyboard */ = {
			isa = PBXVariantGroup;
			children = (
				A7DAF8BD200D3EF200801734 /* Base */,
			);
			name = LaunchScreen.storyboard;
			sourceTree = "<group>";
		};
/* End PBXVariantGroup section */

/* Begin XCBuildConfiguration section */
		A7DAF8D6200D3EF200801734 /* Debug */ = {
			isa = XCBuildConfiguration;
			buildSettings = {
				ALWAYS_SEARCH_USER_PATHS = NO;
				CLANG_ANALYZER_NONNULL = YES;
				CLANG_ANALYZER_NUMBER_OBJECT_CONVERSION = YES_AGGRESSIVE;
				CLANG_CXX_LANGUAGE_STANDARD = "gnu++14";
				CLANG_CXX_LIBRARY = "libc++";
				CLANG_ENABLE_MODULES = YES;
				CLANG_ENABLE_OBJC_ARC = YES;
				CLANG_WARN_BLOCK_CAPTURE_AUTORELEASING = YES;
				CLANG_WARN_BOOL_CONVERSION = YES;
				CLANG_WARN_COMMA = YES;
				CLANG_WARN_CONSTANT_CONVERSION = YES;
				CLANG_WARN_DEPRECATED_OBJC_IMPLEMENTATIONS = YES;
				CLANG_WARN_DIRECT_OBJC_ISA_USAGE = YES_ERROR;
				CLANG_WARN_DOCUMENTATION_COMMENTS = YES;
				CLANG_WARN_EMPTY_BODY = YES;
				CLANG_WARN_ENUM_CONVERSION = YES;
				CLANG_WARN_INFINITE_RECURSION = YES;
				CLANG_WARN_INT_CONVERSION = YES;
				CLANG_WARN_NON_LITERAL_NULL_CONVERSION = YES;
				CLANG_WARN_OBJC_IMPLICIT_RETAIN_SELF = YES;
				CLANG_WARN_OBJC_LITERAL_CONVERSION = YES;
				CLANG_WARN_OBJC_ROOT_CLASS = YES_ERROR;
				CLANG_WARN_RANGE_LOOP_ANALYSIS = YES;
				CLANG_WARN_STRICT_PROTOTYPES = YES;
				CLANG_WARN_SUSPICIOUS_MOVE = YES;
				CLANG_WARN_UNGUARDED_AVAILABILITY = YES_AGGRESSIVE;
				CLANG_WARN_UNREACHABLE_CODE = YES;
				CLANG_WARN__DUPLICATE_METHOD_MATCH = YES;
				CODE_SIGN_IDENTITY = "iPhone Developer";
				COPY_PHASE_STRIP = NO;
				DEBUG_INFORMATION_FORMAT = dwarf;
				ENABLE_STRICT_OBJC_MSGSEND = YES;
				ENABLE_TESTABILITY = YES;
				GCC_C_LANGUAGE_STANDARD = gnu11;
				GCC_DYNAMIC_NO_PIC = NO;
				GCC_NO_COMMON_BLOCKS = YES;
				GCC_OPTIMIZATION_LEVEL = 0;
				GCC_PREPROCESSOR_DEFINITIONS = (
					"DEBUG=1",
					"$(inherited)",
				);
				GCC_WARN_64_TO_32_BIT_CONVERSION = YES;
				GCC_WARN_ABOUT_RETURN_TYPE = YES_ERROR;
				GCC_WARN_UNDECLARED_SELECTOR = YES;
				GCC_WARN_UNINITIALIZED_AUTOS = YES_AGGRESSIVE;
				GCC_WARN_UNUSED_FUNCTION = YES;
				GCC_WARN_UNUSED_VARIABLE = YES;
				IPHONEOS_DEPLOYMENT_TARGET = 13.0;
				MTL_ENABLE_DEBUG_INFO = YES;
				ONLY_ACTIVE_ARCH = YES;
				SDKROOT = iphoneos;
				SWIFT_ACTIVE_COMPILATION_CONDITIONS = DEBUG;
				SWIFT_OPTIMIZATION_LEVEL = "-Onone";
			};
			name = Debug;
		};
		A7DAF8D7200D3EF200801734 /* Release */ = {
			isa = XCBuildConfiguration;
			buildSettings = {
				ALWAYS_SEARCH_USER_PATHS = NO;
				CLANG_ANALYZER_NONNULL = YES;
				CLANG_ANALYZER_NUMBER_OBJECT_CONVERSION = YES_AGGRESSIVE;
				CLANG_CXX_LANGUAGE_STANDARD = "gnu++14";
				CLANG_CXX_LIBRARY = "libc++";
				CLANG_ENABLE_MODULES = YES;
				CLANG_ENABLE_OBJC_ARC = YES;
				CLANG_WARN_BLOCK_CAPTURE_AUTORELEASING = YES;
				CLANG_WARN_BOOL_CONVERSION = YES;
				CLANG_WARN_COMMA = YES;
				CLANG_WARN_CONSTANT_CONVERSION = YES;
				CLANG_WARN_DEPRECATED_OBJC_IMPLEMENTATIONS = YES;
				CLANG_WARN_DIRECT_OBJC_ISA_USAGE = YES_ERROR;
				CLANG_WARN_DOCUMENTATION_COMMENTS = YES;
				CLANG_WARN_EMPTY_BODY = YES;
				CLANG_WARN_ENUM_CONVERSION = YES;
				CLANG_WARN_INFINITE_RECURSION = YES;
				CLANG_WARN_INT_CONVERSION = YES;
				CLANG_WARN_NON_LITERAL_NULL_CONVERSION = YES;
				CLANG_WARN_OBJC_IMPLICIT_RETAIN_SELF = YES;
				CLANG_WARN_OBJC_LITERAL_CONVERSION = YES;
				CLANG_WARN_OBJC_ROOT_CLASS = YES_ERROR;
				CLANG_WARN_RANGE_LOOP_ANALYSIS = YES;
				CLANG_WARN_STRICT_PROTOTYPES = YES;
				CLANG_WARN_SUSPICIOUS_MOVE = YES;
				CLANG_WARN_UNGUARDED_AVAILABILITY = YES_AGGRESSIVE;
				CLANG_WARN_UNREACHABLE_CODE = YES;
				CLANG_WARN__DUPLICATE_METHOD_MATCH = YES;
				CODE_SIGN_IDENTITY = "iPhone Developer";
				COPY_PHASE_STRIP = NO;
				DEBUG_INFORMATION_FORMAT = "dwarf-with-dsym";
				ENABLE_NS_ASSERTIONS = NO;
				ENABLE_STRICT_OBJC_MSGSEND = YES;
				GCC_C_LANGUAGE_STANDARD = gnu11;
				GCC_NO_COMMON_BLOCKS = YES;
				GCC_WARN_64_TO_32_BIT_CONVERSION = YES;
				GCC_WARN_ABOUT_RETURN_TYPE = YES_ERROR;
				GCC_WARN_UNDECLARED_SELECTOR = YES;
				GCC_WARN_UNINITIALIZED_AUTOS = YES_AGGRESSIVE;
				GCC_WARN_UNUSED_FUNCTION = YES;
				GCC_WARN_UNUSED_VARIABLE = YES;
				IPHONEOS_DEPLOYMENT_TARGET = 13.0;
				MTL_ENABLE_DEBUG_INFO = NO;
				SDKROOT = iphoneos;
				SWIFT_OPTIMIZATION_LEVEL = "-Owholemodule";
				VALIDATE_PRODUCT = YES;
			};
			name = Release;
		};
		A7DAF8D9200D3EF200801734 /* Debug */ = {
			isa = XCBuildConfiguration;
			baseConfigurationReference = 80C02EE3AC49AA4572C12C8C /* Pods-ReSto.debug.xcconfig */;
			buildSettings = {
				ASSETCATALOG_COMPILER_APPICON_NAME = AppIcon;
				"CODE_SIGN_IDENTITY[sdk=iphoneos*]" = "iPhone Developer";
				CODE_SIGN_STYLE = Automatic;
				DEVELOPMENT_TEAM = UN68AZ46YU;
				INFOPLIST_FILE = ReSto/Info.plist;
				LD_RUNPATH_SEARCH_PATHS = "$(inherited) @executable_path/Frameworks";
				OTHER_LDFLAGS = (
					"-framework",
					"\"Alamofire\"",
				);
				PRODUCT_BUNDLE_IDENTIFIER = com.planins.ReSto;
				PRODUCT_NAME = "$(TARGET_NAME)";
				PROVISIONING_PROFILE_SPECIFIER = "";
				SWIFT_VERSION = 5.0;
				TARGETED_DEVICE_FAMILY = "1,2";
			};
			name = Debug;
		};
		A7DAF8DA200D3EF200801734 /* Release */ = {
			isa = XCBuildConfiguration;
			baseConfigurationReference = 2FE79CB0BE3DD67F711B6135 /* Pods-ReSto.release.xcconfig */;
			buildSettings = {
				ASSETCATALOG_COMPILER_APPICON_NAME = AppIcon;
				"CODE_SIGN_IDENTITY[sdk=iphoneos*]" = "iPhone Developer";
				CODE_SIGN_STYLE = Automatic;
				DEVELOPMENT_TEAM = UN68AZ46YU;
				INFOPLIST_FILE = ReSto/Info.plist;
				LD_RUNPATH_SEARCH_PATHS = "$(inherited) @executable_path/Frameworks";
				OTHER_LDFLAGS = (
					"-framework",
					"\"Alamofire\"",
				);
				PRODUCT_BUNDLE_IDENTIFIER = com.planins.ReSto;
				PRODUCT_NAME = "$(TARGET_NAME)";
				PROVISIONING_PROFILE_SPECIFIER = "";
				SWIFT_VERSION = 5.0;
				TARGETED_DEVICE_FAMILY = "1,2";
			};
			name = Release;
		};
/* End XCBuildConfiguration section */

/* Begin XCConfigurationList section */
		A7DAF8AB200D3EF200801734 /* Build configuration list for PBXProject "ReSto" */ = {
			isa = XCConfigurationList;
			buildConfigurations = (
				A7DAF8D6200D3EF200801734 /* Debug */,
				A7DAF8D7200D3EF200801734 /* Release */,
			);
			defaultConfigurationIsVisible = 0;
			defaultConfigurationName = Release;
		};
		A7DAF8D8200D3EF200801734 /* Build configuration list for PBXNativeTarget "ReSto" */ = {
			isa = XCConfigurationList;
			buildConfigurations = (
				A7DAF8D9200D3EF200801734 /* Debug */,
				A7DAF8DA200D3EF200801734 /* Release */,
			);
			defaultConfigurationIsVisible = 0;
			defaultConfigurationName = Release;
		};
/* End XCConfigurationList section */
	};
	rootObject = A7DAF8A8200D3EF200801734 /* Project object */;
}
